
Microsoft Visual Studio Solution File, Format Version 12.00
# Visual Studio Version 17
VisualStudioVersion = 17.10.35013.160
MinimumVisualStudioVersion = 10.0.40219.1
Project("{FAE04EC0-301F-11D3-BF4B-00C04F79EFBC}") = "MyFriends2", "MyFriends2\MyFriends2.csproj", "{DE6BA2E5-DFD5-4C63-8E1D-166BA7666609}"
EndProject
Global
	GlobalSection(SolutionConfigurationPlatforms) = preSolution
		Debug|Any CPU = Debug|Any CPU
		Release|Any CPU = Release|Any CPU
	EndGlobalSection
	GlobalSection(ProjectConfigurationPlatforms) = postSolution
		{DE6BA2E5-DFD5-4C63-8E1D-166BA7666609}.Debug|Any CPU.ActiveCfg = Debug|Any CPU
		{DE6BA2E5-DFD5-4C63-8E1D-166BA7666609}.Debug|Any CPU.Build.0 = Debug|Any CPU
		{DE6BA2E5-DFD5-4C63-8E1D-166BA7666609}.Release|Any CPU.ActiveCfg = Release|Any CPU
		{DE6BA2E5-DFD5-4C63-8E1D-166BA7666609}.Release|Any CPU.Build.0 = Release|Any CPU
	EndGlobalSection
	GlobalSection(SolutionProperties) = preSolution
		HideSolutionNode = FALSE
	EndGlobalSection
	GlobalSection(ExtensibilityGlobals) = postSolution
		SolutionGuid = {C834C357-7869-452F-9FA4-26E79FBA147B}
	EndGlobalSection
EndGlobal
